
Microsoft Visual Studio Solution File, Format Version 12.00
# Visual Studio Version 16
VisualStudioVersion = 16.0.33529.622
MinimumVisualStudioVersion = 10.0.40219.1
Project("{8BC9CEB8-8B4A-11D0-8D11-00A0C91BC942}") = "Tube_Puzzle", "Tube_Puzzle\Tube_Puzzle.vcxproj", "{2F05B750-B345-4A47-9C17-61C907B4D7CC}"
EndProject
Global
	GlobalSection(SolutionConfigurationPlatforms) = preSolution
		Debug|x64 = Debug|x64
		Debug|x86 = Debug|x86
		Release|x64 = Release|x64
		Release|x86 = Release|x86
	EndGlobalSection
	GlobalSection(ProjectConfigurationPlatforms) = postSolution
		{2F05B750-B345-4A47-9C17-61C907B4D7CC}.Debug|x64.ActiveCfg = Debug|x64
		{2F05B750-B345-4A47-9C17-61C907B4D7CC}.Debug|x64.Build.0 = Debug|x64
		{2F05B750-B345-4A47-9C17-61C907B4D7CC}.Debug|x86.ActiveCfg = Debug|x64
		{2F05B750-B345-4A47-9C17-61C907B4D7CC}.Debug|x86.Build.0 = Debug|x64
		{2F05B750-B345-4A47-9C17-61C907B4D7CC}.Release|x64.ActiveCfg = Release|x64
		{2F05B750-B345-4A47-9C17-61C907B4D7CC}.Release|x64.Build.0 = Release|x64
		{2F05B750-B345-4A47-9C17-61C907B4D7CC}.Release|x86.ActiveCfg = Release|Win32
		{2F05B750-B345-4A47-9C17-61C907B4D7CC}.Release|x86.Build.0 = Release|Win32
	EndGlobalSection
	GlobalSection(SolutionProperties) = preSolution
		HideSolutionNode = FALSE
	EndGlobalSection
	GlobalSection(ExtensibilityGlobals) = postSolution
		SolutionGuid = {08DA44C9-02DC-4F46-9245-4A9730E059E7}
	EndGlobalSection
EndGlobal
